
Microsoft Visual Studio Solution File, Format Version 12.00
# Visual Studio Version 17
VisualStudioVersion = 17.0.31912.275
MinimumVisualStudioVersion = 10.0.40219.1
Project("{FAE04EC0-301F-11D3-BF4B-00C04F79EFBC}") = "Live_Better", "Live_Better\Live_Better.csproj", "{E2F6E24B-21EE-40A3-856A-7DE6BEBA836D}"
EndProject
Global
	GlobalSection(SolutionConfigurationPlatforms) = preSolution
		Debug|Any CPU = Debug|Any CPU
		Release|Any CPU = Release|Any CPU
	EndGlobalSection
	GlobalSection(ProjectConfigurationPlatforms) = postSolution
		{E2F6E24B-21EE-40A3-856A-7DE6BEBA836D}.Debug|Any CPU.ActiveCfg = Debug|Any CPU
		{E2F6E24B-21EE-40A3-856A-7DE6BEBA836D}.Debug|Any CPU.Build.0 = Debug|Any CPU
		{E2F6E24B-21EE-40A3-856A-7DE6BEBA836D}.Release|Any CPU.ActiveCfg = Release|Any CPU
		{E2F6E24B-21EE-40A3-856A-7DE6BEBA836D}.Release|Any CPU.Build.0 = Release|Any CPU
	EndGlobalSection
	GlobalSection(SolutionProperties) = preSolution
		HideSolutionNode = FALSE
	EndGlobalSection
	GlobalSection(ExtensibilityGlobals) = postSolution
		SolutionGuid = {7E24A36C-61C5-421F-9A7E-7DDF50FFD797}
	EndGlobalSection
EndGlobal
